
Microsoft Visual Studio Solution File, Format Version 12.00
# Visual Studio Version 17
VisualStudioVersion = 17.10.35122.118
MinimumVisualStudioVersion = 10.0.40219.1
Project("{9A19103F-16F7-4668-BE54-9A1E7A4F7556}") = "AdBoard.WebAPI", "AdBoard.WebAPI\AdBoard.WebAPI.csproj", "{A94B9790-0AEC-41F9-BC33-89FC41F276FC}"
EndProject
Project("{2150E333-8FDC-42A3-9474-1A3956D46DE8}") = "src", "src", "{8050B85C-6AA1-4482-906D-C59B8B987D86}"
EndProject
Project("{2150E333-8FDC-42A3-9474-1A3956D46DE8}") = "Application", "Application", "{E3A558D5-26EE-491A-AA98-9A94864075E9}"
EndProject
Project("{2150E333-8FDC-42A3-9474-1A3956D46DE8}") = "Contracts", "Contracts", "{3650B3AD-0D34-4066-B78B-5178B6731CBB}"
EndProject
Project("{2150E333-8FDC-42A3-9474-1A3956D46DE8}") = "Domain", "Domain", "{15A03CB1-F20B-4951-BD1C-EF2173B671DF}"
EndProject
Project("{2150E333-8FDC-42A3-9474-1A3956D46DE8}") = "Hosts", "Hosts", "{E2A60AD4-7A43-47D6-ABA0-B7D9F33D7EEC}"
EndProject
Project("{2150E333-8FDC-42A3-9474-1A3956D46DE8}") = "Infrastructure", "Infrastructure", "{E335E38A-9E4A-4E85-B832-7EEEA83DDB7B}"
EndProject
Project("{2150E333-8FDC-42A3-9474-1A3956D46DE8}") = "tests", "tests", "{D4CB7BBB-ED4C-4B40-A8C2-F572B19C9164}"
EndProject
Project("{2150E333-8FDC-42A3-9474-1A3956D46DE8}") = "misc", "misc", "{0102EB78-2B7F-4399-A376-BE982C0B66FE}"
EndProject
Project("{9A19103F-16F7-4668-BE54-9A1E7A4F7556}") = "AdBoard.AppServices", "AdBoard.AppServices\AdBoard.AppServices.csproj", "{19A5EEA0-885C-4E8C-BFED-69051529D356}"
EndProject
Project("{9A19103F-16F7-4668-BE54-9A1E7A4F7556}") = "AdBoard.Contracts", "AdBoard.Contracts\AdBoard.Contracts.csproj", "{0860FC98-6251-42ED-B734-62F8FE6BCFE3}"
EndProject
Project("{9A19103F-16F7-4668-BE54-9A1E7A4F7556}") = "AdBoard.Domain", "AdBoard.Domain\AdBoard.Domain.csproj", "{FF00FEF0-7CF3-4F73-9BB2-5C0685587DAE}"
EndProject
Project("{9A19103F-16F7-4668-BE54-9A1E7A4F7556}") = "AdBoard.ComponentRegistrar", "AdBoard.ComponentRegistrar\AdBoard.ComponentRegistrar.csproj", "{7926C2AC-6C12-4675-8F78-7296A404AB98}"
EndProject
Project("{9A19103F-16F7-4668-BE54-9A1E7A4F7556}") = "AdBoard.Infrastructure", "AdBoard.Infrastructure\AdBoard.Infrastructure.csproj", "{6B7390D3-0A01-4A17-9DA9-974D515CABBC}"
EndProject
Project("{9A19103F-16F7-4668-BE54-9A1E7A4F7556}") = "AdBoard.DataAccess", "AdBoard.DataAccess\AdBoard.DataAccess.csproj", "{CF5AF6FA-CE02-43B5-9CDE-F3E2B867BDD3}"
EndProject
Project("{9A19103F-16F7-4668-BE54-9A1E7A4F7556}") = "AdBoard.DbMigrator", "AdBoard.DbMigrator\AdBoard.DbMigrator.csproj", "{598D0D53-3E96-494F-842A-E76EF3736A4E}"
EndProject
Project("{9A19103F-16F7-4668-BE54-9A1E7A4F7556}") = "AdBoard.UnitTests", "AdBoard.Tests\AdBoard.UnitTests.csproj", "{76073D98-3E27-4D08-A581-6E61724E118B}"
EndProject
Project("{FAE04EC0-301F-11D3-BF4B-00C04F79EFBC}") = "AdBoard.ApiTests", "AdBoard.ApiTests\AdBoard.ApiTests.csproj", "{641C0B77-B3CC-45E0-A5C2-83FE4353BD5B}"
EndProject
Global
	GlobalSection(SolutionConfigurationPlatforms) = preSolution
		Debug|Any CPU = Debug|Any CPU
		Release|Any CPU = Release|Any CPU
	EndGlobalSection
	GlobalSection(ProjectConfigurationPlatforms) = postSolution
		{A94B9790-0AEC-41F9-BC33-89FC41F276FC}.Debug|Any CPU.ActiveCfg = Debug|Any CPU
		{A94B9790-0AEC-41F9-BC33-89FC41F276FC}.Debug|Any CPU.Build.0 = Debug|Any CPU
		{A94B9790-0AEC-41F9-BC33-89FC41F276FC}.Release|Any CPU.ActiveCfg = Release|Any CPU
		{A94B9790-0AEC-41F9-BC33-89FC41F276FC}.Release|Any CPU.Build.0 = Release|Any CPU
		{19A5EEA0-885C-4E8C-BFED-69051529D356}.Debug|Any CPU.ActiveCfg = Debug|Any CPU
		{19A5EEA0-885C-4E8C-BFED-69051529D356}.Debug|Any CPU.Build.0 = Debug|Any CPU
		{19A5EEA0-885C-4E8C-BFED-69051529D356}.Release|Any CPU.ActiveCfg = Release|Any CPU
		{19A5EEA0-885C-4E8C-BFED-69051529D356}.Release|Any CPU.Build.0 = Release|Any CPU
		{0860FC98-6251-42ED-B734-62F8FE6BCFE3}.Debug|Any CPU.ActiveCfg = Debug|Any CPU
		{0860FC98-6251-42ED-B734-62F8FE6BCFE3}.Debug|Any CPU.Build.0 = Debug|Any CPU
		{0860FC98-6251-42ED-B734-62F8FE6BCFE3}.Release|Any CPU.ActiveCfg = Release|Any CPU
		{0860FC98-6251-42ED-B734-62F8FE6BCFE3}.Release|Any CPU.Build.0 = Release|Any CPU
		{FF00FEF0-7CF3-4F73-9BB2-5C0685587DAE}.Debug|Any CPU.ActiveCfg = Debug|Any CPU
		{FF00FEF0-7CF3-4F73-9BB2-5C0685587DAE}.Debug|Any CPU.Build.0 = Debug|Any CPU
		{FF00FEF0-7CF3-4F73-9BB2-5C0685587DAE}.Release|Any CPU.ActiveCfg = Release|Any CPU
		{FF00FEF0-7CF3-4F73-9BB2-5C0685587DAE}.Release|Any CPU.Build.0 = Release|Any CPU
		{7926C2AC-6C12-4675-8F78-7296A404AB98}.Debug|Any CPU.ActiveCfg = Debug|Any CPU
		{7926C2AC-6C12-4675-8F78-7296A404AB98}.Debug|Any CPU.Build.0 = Debug|Any CPU
		{7926C2AC-6C12-4675-8F78-7296A404AB98}.Release|Any CPU.ActiveCfg = Release|Any CPU
		{7926C2AC-6C12-4675-8F78-7296A404AB98}.Release|Any CPU.Build.0 = Release|Any CPU
		{6B7390D3-0A01-4A17-9DA9-974D515CABBC}.Debug|Any CPU.ActiveCfg = Debug|Any CPU
		{6B7390D3-0A01-4A17-9DA9-974D515CABBC}.Debug|Any CPU.Build.0 = Debug|Any CPU
		{6B7390D3-0A01-4A17-9DA9-974D515CABBC}.Release|Any CPU.ActiveCfg = Release|Any CPU
		{6B7390D3-0A01-4A17-9DA9-974D515CABBC}.Release|Any CPU.Build.0 = Release|Any CPU
		{CF5AF6FA-CE02-43B5-9CDE-F3E2B867BDD3}.Debug|Any CPU.ActiveCfg = Debug|Any CPU
		{CF5AF6FA-CE02-43B5-9CDE-F3E2B867BDD3}.Debug|Any CPU.Build.0 = Debug|Any CPU
		{CF5AF6FA-CE02-43B5-9CDE-F3E2B867BDD3}.Release|Any CPU.ActiveCfg = Release|Any CPU
		{CF5AF6FA-CE02-43B5-9CDE-F3E2B867BDD3}.Release|Any CPU.Build.0 = Release|Any CPU
		{598D0D53-3E96-494F-842A-E76EF3736A4E}.Debug|Any CPU.ActiveCfg = Debug|Any CPU
		{598D0D53-3E96-494F-842A-E76EF3736A4E}.Debug|Any CPU.Build.0 = Debug|Any CPU
		{598D0D53-3E96-494F-842A-E76EF3736A4E}.Release|Any CPU.ActiveCfg = Release|Any CPU
		{598D0D53-3E96-494F-842A-E76EF3736A4E}.Release|Any CPU.Build.0 = Release|Any CPU
		{76073D98-3E27-4D08-A581-6E61724E118B}.Debug|Any CPU.ActiveCfg = Debug|Any CPU
		{76073D98-3E27-4D08-A581-6E61724E118B}.Debug|Any CPU.Build.0 = Debug|Any CPU
		{76073D98-3E27-4D08-A581-6E61724E118B}.Release|Any CPU.ActiveCfg = Release|Any CPU
		{76073D98-3E27-4D08-A581-6E61724E118B}.Release|Any CPU.Build.0 = Release|Any CPU
		{641C0B77-B3CC-45E0-A5C2-83FE4353BD5B}.Debug|Any CPU.ActiveCfg = Debug|Any CPU
		{641C0B77-B3CC-45E0-A5C2-83FE4353BD5B}.Debug|Any CPU.Build.0 = Debug|Any CPU
		{641C0B77-B3CC-45E0-A5C2-83FE4353BD5B}.Release|Any CPU.ActiveCfg = Release|Any CPU
		{641C0B77-B3CC-45E0-A5C2-83FE4353BD5B}.Release|Any CPU.Build.0 = Release|Any CPU
	EndGlobalSection
	GlobalSection(SolutionProperties) = preSolution
		HideSolutionNode = FALSE
	EndGlobalSection
	GlobalSection(NestedProjects) = preSolution
		{A94B9790-0AEC-41F9-BC33-89FC41F276FC} = {E2A60AD4-7A43-47D6-ABA0-B7D9F33D7EEC}
		{E3A558D5-26EE-491A-AA98-9A94864075E9} = {8050B85C-6AA1-4482-906D-C59B8B987D86}
		{3650B3AD-0D34-4066-B78B-5178B6731CBB} = {8050B85C-6AA1-4482-906D-C59B8B987D86}
		{15A03CB1-F20B-4951-BD1C-EF2173B671DF} = {8050B85C-6AA1-4482-906D-C59B8B987D86}
		{E2A60AD4-7A43-47D6-ABA0-B7D9F33D7EEC} = {8050B85C-6AA1-4482-906D-C59B8B987D86}
		{E335E38A-9E4A-4E85-B832-7EEEA83DDB7B} = {8050B85C-6AA1-4482-906D-C59B8B987D86}
		{19A5EEA0-885C-4E8C-BFED-69051529D356} = {E3A558D5-26EE-491A-AA98-9A94864075E9}
		{0860FC98-6251-42ED-B734-62F8FE6BCFE3} = {3650B3AD-0D34-4066-B78B-5178B6731CBB}
		{FF00FEF0-7CF3-4F73-9BB2-5C0685587DAE} = {15A03CB1-F20B-4951-BD1C-EF2173B671DF}
		{7926C2AC-6C12-4675-8F78-7296A404AB98} = {E335E38A-9E4A-4E85-B832-7EEEA83DDB7B}
		{6B7390D3-0A01-4A17-9DA9-974D515CABBC} = {E335E38A-9E4A-4E85-B832-7EEEA83DDB7B}
		{CF5AF6FA-CE02-43B5-9CDE-F3E2B867BDD3} = {E335E38A-9E4A-4E85-B832-7EEEA83DDB7B}
		{598D0D53-3E96-494F-842A-E76EF3736A4E} = {E2A60AD4-7A43-47D6-ABA0-B7D9F33D7EEC}
		{76073D98-3E27-4D08-A581-6E61724E118B} = {D4CB7BBB-ED4C-4B40-A8C2-F572B19C9164}
		{641C0B77-B3CC-45E0-A5C2-83FE4353BD5B} = {D4CB7BBB-ED4C-4B40-A8C2-F572B19C9164}
	EndGlobalSection
	GlobalSection(ExtensibilityGlobals) = postSolution
		SolutionGuid = {E0047C75-A1A6-4C65-9130-43B81282D3CA}
	EndGlobalSection
EndGlobal
